
Microsoft Visual Studio Solution File, Format Version 12.00
# Visual Studio 15
VisualStudioVersion = 15.0.28010.2003
MinimumVisualStudioVersion = 10.0.40219.1
Project("{FAE04EC0-301F-11D3-BF4B-00C04F79EFBC}") = "DynamicList", "DynamicList\DynamicList.csproj", "{DFE81ACF-03EB-4449-A8CC-FEE3EFE2F70E}"
EndProject
Global
	GlobalSection(SolutionConfigurationPlatforms) = preSolution
		Debug|Any CPU = Debug|Any CPU
		Release|Any CPU = Release|Any CPU
	EndGlobalSection
	GlobalSection(ProjectConfigurationPlatforms) = postSolution
		{DFE81ACF-03EB-4449-A8CC-FEE3EFE2F70E}.Debug|Any CPU.ActiveCfg = Debug|Any CPU
		{DFE81ACF-03EB-4449-A8CC-FEE3EFE2F70E}.Debug|Any CPU.Build.0 = Debug|Any CPU
		{DFE81ACF-03EB-4449-A8CC-FEE3EFE2F70E}.Release|Any CPU.ActiveCfg = Release|Any CPU
		{DFE81ACF-03EB-4449-A8CC-FEE3EFE2F70E}.Release|Any CPU.Build.0 = Release|Any CPU
	EndGlobalSection
	GlobalSection(SolutionProperties) = preSolution
		HideSolutionNode = FALSE
	EndGlobalSection
	GlobalSection(ExtensibilityGlobals) = postSolution
		SolutionGuid = {B6B23C43-756A-44CB-BD04-0A4DB05684EC}
	EndGlobalSection
EndGlobal
