
Microsoft Visual Studio Solution File, Format Version 12.00
# Visual Studio 15
VisualStudioVersion = 15.0.28010.2003
MinimumVisualStudioVersion = 10.0.40219.1
Project("{FAE04EC0-301F-11D3-BF4B-00C04F79EFBC}") = "Mutex", "Mutex\Mutex.csproj", "{5921569A-FB6E-44F9-8482-764FA18FBB28}"
EndProject
Global
	GlobalSection(SolutionConfigurationPlatforms) = preSolution
		Debug|Any CPU = Debug|Any CPU
		Release|Any CPU = Release|Any CPU
	EndGlobalSection
	GlobalSection(ProjectConfigurationPlatforms) = postSolution
		{5921569A-FB6E-44F9-8482-764FA18FBB28}.Debug|Any CPU.ActiveCfg = Debug|Any CPU
		{5921569A-FB6E-44F9-8482-764FA18FBB28}.Debug|Any CPU.Build.0 = Debug|Any CPU
		{5921569A-FB6E-44F9-8482-764FA18FBB28}.Release|Any CPU.ActiveCfg = Release|Any CPU
		{5921569A-FB6E-44F9-8482-764FA18FBB28}.Release|Any CPU.Build.0 = Release|Any CPU
	EndGlobalSection
	GlobalSection(SolutionProperties) = preSolution
		HideSolutionNode = FALSE
	EndGlobalSection
	GlobalSection(ExtensibilityGlobals) = postSolution
		SolutionGuid = {E201DA50-FEA8-4D01-A30D-EB50B471FB09}
	EndGlobalSection
EndGlobal
