
Microsoft Visual Studio Solution File, Format Version 12.00
# Visual Studio 15
VisualStudioVersion = 15.0.28010.2003
MinimumVisualStudioVersion = 10.0.40219.1
Project("{FAE04EC0-301F-11D3-BF4B-00C04F79EFBC}") = "ExportClass", "ExportClass\ExportClass.csproj", "{9FB2310F-F083-4879-968A-385429E0D7FB}"
EndProject
Project("{9A19103F-16F7-4668-BE54-9A1E7A4F7556}") = "DllCreator", "DllCreator\DllCreator.csproj", "{2D5B07C3-17FF-41E6-92BE-D20ECA957FC5}"
EndProject
Project("{FAE04EC0-301F-11D3-BF4B-00C04F79EFBC}") = "ExportDll", "ExportDll\ExportDll.csproj", "{DAE37568-7AA4-4E3F-AD81-2B3B247A1BA9}"
EndProject
Project("{FAE04EC0-301F-11D3-BF4B-00C04F79EFBC}") = "MultiDll", "MultiDll\MultiDll.csproj", "{4FF1561C-24C6-4424-BA58-BB400E28B30A}"
EndProject
Global
	GlobalSection(SolutionConfigurationPlatforms) = preSolution
		Debug|Any CPU = Debug|Any CPU
		Release|Any CPU = Release|Any CPU
	EndGlobalSection
	GlobalSection(ProjectConfigurationPlatforms) = postSolution
		{9FB2310F-F083-4879-968A-385429E0D7FB}.Debug|Any CPU.ActiveCfg = Debug|Any CPU
		{9FB2310F-F083-4879-968A-385429E0D7FB}.Debug|Any CPU.Build.0 = Debug|Any CPU
		{9FB2310F-F083-4879-968A-385429E0D7FB}.Release|Any CPU.ActiveCfg = Release|Any CPU
		{9FB2310F-F083-4879-968A-385429E0D7FB}.Release|Any CPU.Build.0 = Release|Any CPU
		{2D5B07C3-17FF-41E6-92BE-D20ECA957FC5}.Debug|Any CPU.ActiveCfg = Debug|Any CPU
		{2D5B07C3-17FF-41E6-92BE-D20ECA957FC5}.Debug|Any CPU.Build.0 = Debug|Any CPU
		{2D5B07C3-17FF-41E6-92BE-D20ECA957FC5}.Release|Any CPU.ActiveCfg = Release|Any CPU
		{2D5B07C3-17FF-41E6-92BE-D20ECA957FC5}.Release|Any CPU.Build.0 = Release|Any CPU
		{DAE37568-7AA4-4E3F-AD81-2B3B247A1BA9}.Debug|Any CPU.ActiveCfg = Debug|Any CPU
		{DAE37568-7AA4-4E3F-AD81-2B3B247A1BA9}.Debug|Any CPU.Build.0 = Debug|Any CPU
		{DAE37568-7AA4-4E3F-AD81-2B3B247A1BA9}.Release|Any CPU.ActiveCfg = Release|Any CPU
		{DAE37568-7AA4-4E3F-AD81-2B3B247A1BA9}.Release|Any CPU.Build.0 = Release|Any CPU
		{4FF1561C-24C6-4424-BA58-BB400E28B30A}.Debug|Any CPU.ActiveCfg = Debug|Any CPU
		{4FF1561C-24C6-4424-BA58-BB400E28B30A}.Debug|Any CPU.Build.0 = Debug|Any CPU
		{4FF1561C-24C6-4424-BA58-BB400E28B30A}.Release|Any CPU.ActiveCfg = Release|Any CPU
		{4FF1561C-24C6-4424-BA58-BB400E28B30A}.Release|Any CPU.Build.0 = Release|Any CPU
	EndGlobalSection
	GlobalSection(SolutionProperties) = preSolution
		HideSolutionNode = FALSE
	EndGlobalSection
	GlobalSection(ExtensibilityGlobals) = postSolution
		SolutionGuid = {CE162250-0571-4816-9D93-B1E1ACBE3167}
	EndGlobalSection
EndGlobal
